
Microsoft Visual Studio Solution File, Format Version 12.00
# Visual Studio 15
VisualStudioVersion = 15.0.27428.2043
MinimumVisualStudioVersion = 10.0.40219.1
Project("{FAE04EC0-301F-11D3-BF4B-00C04F79EFBC}") = "DigitalLicense", "DigitalLicense\DigitalLicense.csproj", "{48326B76-7B61-47EE-ABBA-DB101FFB46D7}"
EndProject
Project("{FAE04EC0-301F-11D3-BF4B-00C04F79EFBC}") = "LanguageLibrary", "LanguageLibrary\LanguageLibrary.csproj", "{7FC2CFEA-A6B6-44BE-B774-33B6A2D5B0B8}"
EndProject
Project("{FAE04EC0-301F-11D3-BF4B-00C04F79EFBC}") = "SharedLibrary", "SharedLibrary\SharedLibrary.csproj", "{E2F369D2-F634-4915-96B1-39B6B4FED86E}"
EndProject
Global
	GlobalSection(SolutionConfigurationPlatforms) = preSolution
		Debug|Any CPU = Debug|Any CPU
		Release|Any CPU = Release|Any CPU
	EndGlobalSection
	GlobalSection(ProjectConfigurationPlatforms) = postSolution
		{48326B76-7B61-47EE-ABBA-DB101FFB46D7}.Debug|Any CPU.ActiveCfg = Debug|Any CPU
		{48326B76-7B61-47EE-ABBA-DB101FFB46D7}.Debug|Any CPU.Build.0 = Debug|Any CPU
		{48326B76-7B61-47EE-ABBA-DB101FFB46D7}.Release|Any CPU.ActiveCfg = Release|Any CPU
		{48326B76-7B61-47EE-ABBA-DB101FFB46D7}.Release|Any CPU.Build.0 = Release|Any CPU
		{7FC2CFEA-A6B6-44BE-B774-33B6A2D5B0B8}.Debug|Any CPU.ActiveCfg = Debug|Any CPU
		{7FC2CFEA-A6B6-44BE-B774-33B6A2D5B0B8}.Debug|Any CPU.Build.0 = Debug|Any CPU
		{7FC2CFEA-A6B6-44BE-B774-33B6A2D5B0B8}.Release|Any CPU.ActiveCfg = Release|Any CPU
		{7FC2CFEA-A6B6-44BE-B774-33B6A2D5B0B8}.Release|Any CPU.Build.0 = Release|Any CPU
		{E2F369D2-F634-4915-96B1-39B6B4FED86E}.Debug|Any CPU.ActiveCfg = Debug|Any CPU
		{E2F369D2-F634-4915-96B1-39B6B4FED86E}.Debug|Any CPU.Build.0 = Debug|Any CPU
		{E2F369D2-F634-4915-96B1-39B6B4FED86E}.Release|Any CPU.ActiveCfg = Release|Any CPU
		{E2F369D2-F634-4915-96B1-39B6B4FED86E}.Release|Any CPU.Build.0 = Release|Any CPU
	EndGlobalSection
	GlobalSection(SolutionProperties) = preSolution
		HideSolutionNode = FALSE
	EndGlobalSection
	GlobalSection(ExtensibilityGlobals) = postSolution
		SolutionGuid = {B93B5DC3-2DE8-4D18-8316-9EA107352A58}
	EndGlobalSection
EndGlobal
